
Microsoft Visual Studio Solution File, Format Version 12.00
# Visual Studio 2013
VisualStudioVersion = 12.0.30110.0
MinimumVisualStudioVersion = 10.0.40219.1
Project("{2150E333-8FDC-42A3-9474-1A3956D46DE8}") = "Solution Items", "Solution Items", "{F5B9C9E3-5BD6-4B62-8A43-CEC96AAE2A34}"
	ProjectSection(SolutionItems) = preProject
		debug.snk = debug.snk
	EndProjectSection
EndProject
Project("{FAE04EC0-301F-11D3-BF4B-00C04F79EFBC}") = "library", "library\library.csproj", "{F7E87297-87B7-4420-862C-327B59351EE4}"
EndProject
Project("{FAE04EC0-301F-11D3-BF4B-00C04F79EFBC}") = "sts-test", "sts-test\sts-test.csproj", "{B2A261A1-17A9-435B-898D-C4EE7A99C8F1}"
EndProject
Project("{FAE04EC0-301F-11D3-BF4B-00C04F79EFBC}") = "codage-test", "codage-test\codage-test.csproj", "{54E59C71-4528-43C5-97F1-5B54B539227F}"
EndProject
Project("{FAE04EC0-301F-11D3-BF4B-00C04F79EFBC}") = "unit-tests", "unit-tests\unit-tests.csproj", "{2C45B802-0342-4DF4-BD88-D46B75F45490}"
EndProject
Project("{FAE04EC0-301F-11D3-BF4B-00C04F79EFBC}") = "demo", "demo\demo.csproj", "{8F6BDA43-97C1-4096-BAAB-93D5C12B1D01}"
EndProject
Project("{FAE04EC0-301F-11D3-BF4B-00C04F79EFBC}") = "rn-test", "rn-test\rn-test.csproj", "{BA8A7E4C-A399-45EA-8ADF-D48D8E8777EB}"
EndProject
Project("{FAE04EC0-301F-11D3-BF4B-00C04F79EFBC}") = "rn-module", "rn-module\rn-module.csproj", "{F012274A-7843-4B25-91AC-4C169F8ADBD2}"
EndProject
Project("{FAE04EC0-301F-11D3-BF4B-00C04F79EFBC}") = "codage-module", "codage-module\codage-module.csproj", "{2DD93777-0DB2-4250-A580-8CD8F25B6F74}"
EndProject
Project("{FAE04EC0-301F-11D3-BF4B-00C04F79EFBC}") = "genIns-module", "genIns-module\genIns-module.csproj", "{826BDEF2-E8C3-4DF4-8D2E-6B0CB2CBE850}"
EndProject
Project("{FAE04EC0-301F-11D3-BF4B-00C04F79EFBC}") = "genIns-test", "genIns-test\genIns-test.csproj", "{672A78C8-43E5-4CF6-BFDA-026899852A48}"
EndProject
Project("{FAE04EC0-301F-11D3-BF4B-00C04F79EFBC}") = "genAsync-module", "genAsync-module\genAsync-module.csproj", "{E3C8437D-BE48-47CB-8C66-E6F120A12CD4}"
EndProject
Project("{FAE04EC0-301F-11D3-BF4B-00C04F79EFBC}") = "genAsync-test", "genAsync-test\genAsync-test.csproj", "{0C008E91-1FB1-4EFA-ADF6-D8CA59AB8902}"
EndProject
Project("{FAE04EC0-301F-11D3-BF4B-00C04F79EFBC}") = "ehBox-module", "ehBox-module\ehBox-module.csproj", "{42E345D3-F46D-4257-A8F4-D036D45D1B58}"
EndProject
Project("{FAE04EC0-301F-11D3-BF4B-00C04F79EFBC}") = "ehBox-test", "ehBox-test\ehBox-test.csproj", "{1E090E7E-8CCC-4496-991F-A1294103DED8}"
EndProject
Project("{FAE04EC0-301F-11D3-BF4B-00C04F79EFBC}") = "eBirth-module", "eBirth-module\eBirth-module.csproj", "{A6EE025B-0C06-46C5-A031-F1FF1D91A766}"
EndProject
Project("{FAE04EC0-301F-11D3-BF4B-00C04F79EFBC}") = "eBirth-test", "eBirth-test\eBirth-test.csproj", "{B5FD7ADD-03DD-40B0-8AF0-A1543F42A57A}"
EndProject
Project("{FAE04EC0-301F-11D3-BF4B-00C04F79EFBC}") = "chapterIV-module", "chapterIV-module\chapterIV-module.csproj", "{ED33DECF-93AB-4B2A-ACD9-0C3A1C89D267}"
EndProject
Project("{FAE04EC0-301F-11D3-BF4B-00C04F79EFBC}") = "chapterIV-test", "chapterIV-test\chapterIV-test.csproj", "{0DCADD4E-508F-4440-9B0F-65D4D071B3FD}"
EndProject
Project("{2150E333-8FDC-42A3-9474-1A3956D46DE8}") = ".nuget", ".nuget", "{21ADE71A-A41F-4573-B2EA-EE311E8321D6}"
	ProjectSection(SolutionItems) = preProject
		.nuget\NuGet.Config = .nuget\NuGet.Config
		.nuget\NuGet.exe = .nuget\NuGet.exe
		.nuget\NuGet.targets = .nuget\NuGet.targets
	EndProjectSection
EndProject
Project("{FAE04EC0-301F-11D3-BF4B-00C04F79EFBC}") = "tsa-module", "tsa-module\tsa-module.csproj", "{DE4ECDDE-F1E6-4964-BAF6-4A7AECC457FA}"
EndProject
Project("{FAE04EC0-301F-11D3-BF4B-00C04F79EFBC}") = "tsa-test", "tsa-test\tsa-test.csproj", "{14869539-138B-4536-B670-5A006BDD30D3}"
EndProject
Project("{FAE04EC0-301F-11D3-BF4B-00C04F79EFBC}") = "crypto", "bc-patch\crypto.csproj", "{38872A5F-E87E-4FAD-B109-8EB7B2E6A4A0}"
EndProject
Global
	GlobalSection(TeamFoundationVersionControl) = preSolution
		SccNumberOfProjects = 22
		SccEnterpriseProvider = {4CA58AB2-18FA-4F8D-95D4-32DDF27D184C}
		SccTeamFoundationServer = https://tfs.codeplex.com/tfs/tfs14
		SccLocalPath0 = .
		SccProjectUniqueName1 = library\\library.csproj
		SccProjectName1 = library
		SccLocalPath1 = library
		SccProjectUniqueName2 = sts-test\\sts-test.csproj
		SccProjectName2 = sts-test
		SccLocalPath2 = sts-test
		SccProjectUniqueName3 = codage-module\\codage-module.csproj
		SccProjectName3 = codage-module
		SccLocalPath3 = codage-module
		SccProjectUniqueName4 = codage-test\\codage-test.csproj
		SccProjectName4 = codage-test
		SccLocalPath4 = codage-test
		SccProjectUniqueName5 = unit-tests\\unit-tests.csproj
		SccProjectName5 = unit-tests
		SccLocalPath5 = unit-tests
		SccProjectUniqueName6 = demo\\demo.csproj
		SccProjectName6 = demo
		SccLocalPath6 = demo
		SccProjectUniqueName7 = rn-module\\rn-module.csproj
		SccProjectName7 = rn-module
		SccLocalPath7 = rn-module
		SccProjectUniqueName8 = rn-test\\rn-test.csproj
		SccProjectName8 = rn-test
		SccLocalPath8 = rn-test
		SccProjectUniqueName9 = genIns-module\\genIns-module.csproj
		SccProjectName9 = genIns-module
		SccLocalPath9 = genIns-module
		SccProjectUniqueName10 = genIns-test\\genIns-test.csproj
		SccProjectName10 = genIns-test
		SccLocalPath10 = genIns-test
		SccProjectUniqueName11 = genAsync-module\\genAsync-module.csproj
		SccProjectName11 = genAsync-module
		SccLocalPath11 = genAsync-module
		SccProjectUniqueName12 = genAsync-test\\genAsync-test.csproj
		SccProjectName12 = genAsync-test
		SccLocalPath12 = genAsync-test
		SccProjectUniqueName13 = ehBox-module\\ehBox-module.csproj
		SccProjectName13 = ehBox-module
		SccLocalPath13 = ehBox-module
		SccProjectUniqueName14 = ehBox-test\\ehBox-test.csproj
		SccProjectName14 = ehBox-test
		SccLocalPath14 = ehBox-test
		SccProjectUniqueName15 = eBirth-module\\eBirth-module.csproj
		SccProjectName15 = eBirth-module
		SccLocalPath15 = eBirth-module
		SccProjectUniqueName16 = eBirth-test\\eBirth-test.csproj
		SccProjectName16 = eBirth-test
		SccLocalPath16 = eBirth-test
		SccProjectUniqueName17 = chapterIV-module\\chapterIV-module.csproj
		SccProjectName17 = chapterIV-module
		SccLocalPath17 = chapterIV-module
		SccProjectUniqueName18 = chapterIV-test\\chapterIV-test.csproj
		SccProjectName18 = chapterIV-test
		SccLocalPath18 = chapterIV-test
		SccProjectUniqueName19 = tsa-module\\tsa-module.csproj
		SccProjectName19 = tsa-module
		SccLocalPath19 = tsa-module
		SccProjectUniqueName20 = tsa-test\\tsa-test.csproj
		SccProjectName20 = tsa-test
		SccLocalPath20 = tsa-test
		SccProjectUniqueName21 = bc-patch\\crypto.csproj
		SccProjectName21 = bc-patch
		SccLocalPath21 = bc-patch
	EndGlobalSection
	GlobalSection(SolutionConfigurationPlatforms) = preSolution
		Debug|Any CPU = Debug|Any CPU
		Debug|Mixed Platforms = Debug|Mixed Platforms
		Debug|x86 = Debug|x86
		Release|Any CPU = Release|Any CPU
		Release|Mixed Platforms = Release|Mixed Platforms
		Release|x86 = Release|x86
	EndGlobalSection
	GlobalSection(ProjectConfigurationPlatforms) = postSolution
		{F7E87297-87B7-4420-862C-327B59351EE4}.Debug|Any CPU.ActiveCfg = Debug|Any CPU
		{F7E87297-87B7-4420-862C-327B59351EE4}.Debug|Any CPU.Build.0 = Debug|Any CPU
		{F7E87297-87B7-4420-862C-327B59351EE4}.Debug|Mixed Platforms.ActiveCfg = Debug|Any CPU
		{F7E87297-87B7-4420-862C-327B59351EE4}.Debug|Mixed Platforms.Build.0 = Debug|Any CPU
		{F7E87297-87B7-4420-862C-327B59351EE4}.Debug|x86.ActiveCfg = Debug|Any CPU
		{F7E87297-87B7-4420-862C-327B59351EE4}.Release|Any CPU.ActiveCfg = Release|Any CPU
		{F7E87297-87B7-4420-862C-327B59351EE4}.Release|Any CPU.Build.0 = Release|Any CPU
		{F7E87297-87B7-4420-862C-327B59351EE4}.Release|Mixed Platforms.ActiveCfg = Release|Any CPU
		{F7E87297-87B7-4420-862C-327B59351EE4}.Release|Mixed Platforms.Build.0 = Release|Any CPU
		{F7E87297-87B7-4420-862C-327B59351EE4}.Release|x86.ActiveCfg = Release|Any CPU
		{B2A261A1-17A9-435B-898D-C4EE7A99C8F1}.Debug|Any CPU.ActiveCfg = Debug|Any CPU
		{B2A261A1-17A9-435B-898D-C4EE7A99C8F1}.Debug|Any CPU.Build.0 = Debug|Any CPU
		{B2A261A1-17A9-435B-898D-C4EE7A99C8F1}.Debug|Mixed Platforms.ActiveCfg = Debug|Any CPU
		{B2A261A1-17A9-435B-898D-C4EE7A99C8F1}.Debug|Mixed Platforms.Build.0 = Debug|Any CPU
		{B2A261A1-17A9-435B-898D-C4EE7A99C8F1}.Debug|x86.ActiveCfg = Debug|Any CPU
		{B2A261A1-17A9-435B-898D-C4EE7A99C8F1}.Release|Any CPU.ActiveCfg = Release|Any CPU
		{B2A261A1-17A9-435B-898D-C4EE7A99C8F1}.Release|Any CPU.Build.0 = Release|Any CPU
		{B2A261A1-17A9-435B-898D-C4EE7A99C8F1}.Release|Mixed Platforms.ActiveCfg = Release|Any CPU
		{B2A261A1-17A9-435B-898D-C4EE7A99C8F1}.Release|Mixed Platforms.Build.0 = Release|Any CPU
		{B2A261A1-17A9-435B-898D-C4EE7A99C8F1}.Release|x86.ActiveCfg = Release|Any CPU
		{54E59C71-4528-43C5-97F1-5B54B539227F}.Debug|Any CPU.ActiveCfg = Debug|Any CPU
		{54E59C71-4528-43C5-97F1-5B54B539227F}.Debug|Any CPU.Build.0 = Debug|Any CPU
		{54E59C71-4528-43C5-97F1-5B54B539227F}.Debug|Mixed Platforms.ActiveCfg = Debug|Any CPU
		{54E59C71-4528-43C5-97F1-5B54B539227F}.Debug|Mixed Platforms.Build.0 = Debug|Any CPU
		{54E59C71-4528-43C5-97F1-5B54B539227F}.Debug|x86.ActiveCfg = Debug|Any CPU
		{54E59C71-4528-43C5-97F1-5B54B539227F}.Release|Any CPU.ActiveCfg = Release|Any CPU
		{54E59C71-4528-43C5-97F1-5B54B539227F}.Release|Any CPU.Build.0 = Release|Any CPU
		{54E59C71-4528-43C5-97F1-5B54B539227F}.Release|Mixed Platforms.ActiveCfg = Release|Any CPU
		{54E59C71-4528-43C5-97F1-5B54B539227F}.Release|Mixed Platforms.Build.0 = Release|Any CPU
		{54E59C71-4528-43C5-97F1-5B54B539227F}.Release|x86.ActiveCfg = Release|Any CPU
		{2C45B802-0342-4DF4-BD88-D46B75F45490}.Debug|Any CPU.ActiveCfg = Debug|Any CPU
		{2C45B802-0342-4DF4-BD88-D46B75F45490}.Debug|Any CPU.Build.0 = Debug|Any CPU
		{2C45B802-0342-4DF4-BD88-D46B75F45490}.Debug|Mixed Platforms.ActiveCfg = Debug|Any CPU
		{2C45B802-0342-4DF4-BD88-D46B75F45490}.Debug|Mixed Platforms.Build.0 = Debug|Any CPU
		{2C45B802-0342-4DF4-BD88-D46B75F45490}.Debug|x86.ActiveCfg = Debug|Any CPU
		{2C45B802-0342-4DF4-BD88-D46B75F45490}.Release|Any CPU.ActiveCfg = Release|Any CPU
		{2C45B802-0342-4DF4-BD88-D46B75F45490}.Release|Mixed Platforms.ActiveCfg = Release|Any CPU
		{2C45B802-0342-4DF4-BD88-D46B75F45490}.Release|Mixed Platforms.Build.0 = Release|Any CPU
		{2C45B802-0342-4DF4-BD88-D46B75F45490}.Release|x86.ActiveCfg = Release|Any CPU
		{8F6BDA43-97C1-4096-BAAB-93D5C12B1D01}.Debug|Any CPU.ActiveCfg = Debug|x86
		{8F6BDA43-97C1-4096-BAAB-93D5C12B1D01}.Debug|Mixed Platforms.ActiveCfg = Debug|x86
		{8F6BDA43-97C1-4096-BAAB-93D5C12B1D01}.Debug|Mixed Platforms.Build.0 = Debug|x86
		{8F6BDA43-97C1-4096-BAAB-93D5C12B1D01}.Debug|x86.ActiveCfg = Debug|x86
		{8F6BDA43-97C1-4096-BAAB-93D5C12B1D01}.Debug|x86.Build.0 = Debug|x86
		{8F6BDA43-97C1-4096-BAAB-93D5C12B1D01}.Release|Any CPU.ActiveCfg = Release|x86
		{8F6BDA43-97C1-4096-BAAB-93D5C12B1D01}.Release|Mixed Platforms.ActiveCfg = Release|x86
		{8F6BDA43-97C1-4096-BAAB-93D5C12B1D01}.Release|Mixed Platforms.Build.0 = Release|x86
		{8F6BDA43-97C1-4096-BAAB-93D5C12B1D01}.Release|x86.ActiveCfg = Release|x86
		{8F6BDA43-97C1-4096-BAAB-93D5C12B1D01}.Release|x86.Build.0 = Release|x86
		{BA8A7E4C-A399-45EA-8ADF-D48D8E8777EB}.Debug|Any CPU.ActiveCfg = Debug|Any CPU
		{BA8A7E4C-A399-45EA-8ADF-D48D8E8777EB}.Debug|Any CPU.Build.0 = Debug|Any CPU
		{BA8A7E4C-A399-45EA-8ADF-D48D8E8777EB}.Debug|Mixed Platforms.ActiveCfg = Debug|Any CPU
		{BA8A7E4C-A399-45EA-8ADF-D48D8E8777EB}.Debug|Mixed Platforms.Build.0 = Debug|Any CPU
		{BA8A7E4C-A399-45EA-8ADF-D48D8E8777EB}.Debug|x86.ActiveCfg = Debug|Any CPU
		{BA8A7E4C-A399-45EA-8ADF-D48D8E8777EB}.Release|Any CPU.ActiveCfg = Release|Any CPU
		{BA8A7E4C-A399-45EA-8ADF-D48D8E8777EB}.Release|Any CPU.Build.0 = Release|Any CPU
		{BA8A7E4C-A399-45EA-8ADF-D48D8E8777EB}.Release|Mixed Platforms.ActiveCfg = Release|Any CPU
		{BA8A7E4C-A399-45EA-8ADF-D48D8E8777EB}.Release|Mixed Platforms.Build.0 = Release|Any CPU
		{BA8A7E4C-A399-45EA-8ADF-D48D8E8777EB}.Release|x86.ActiveCfg = Release|Any CPU
		{F012274A-7843-4B25-91AC-4C169F8ADBD2}.Debug|Any CPU.ActiveCfg = Debug|Any CPU
		{F012274A-7843-4B25-91AC-4C169F8ADBD2}.Debug|Any CPU.Build.0 = Debug|Any CPU
		{F012274A-7843-4B25-91AC-4C169F8ADBD2}.Debug|Mixed Platforms.ActiveCfg = Debug|Any CPU
		{F012274A-7843-4B25-91AC-4C169F8ADBD2}.Debug|Mixed Platforms.Build.0 = Debug|Any CPU
		{F012274A-7843-4B25-91AC-4C169F8ADBD2}.Debug|x86.ActiveCfg = Debug|Any CPU
		{F012274A-7843-4B25-91AC-4C169F8ADBD2}.Release|Any CPU.ActiveCfg = Release|Any CPU
		{F012274A-7843-4B25-91AC-4C169F8ADBD2}.Release|Any CPU.Build.0 = Release|Any CPU
		{F012274A-7843-4B25-91AC-4C169F8ADBD2}.Release|Mixed Platforms.ActiveCfg = Release|Any CPU
		{F012274A-7843-4B25-91AC-4C169F8ADBD2}.Release|Mixed Platforms.Build.0 = Release|Any CPU
		{F012274A-7843-4B25-91AC-4C169F8ADBD2}.Release|x86.ActiveCfg = Release|Any CPU
		{2DD93777-0DB2-4250-A580-8CD8F25B6F74}.Debug|Any CPU.ActiveCfg = Debug|Any CPU
		{2DD93777-0DB2-4250-A580-8CD8F25B6F74}.Debug|Any CPU.Build.0 = Debug|Any CPU
		{2DD93777-0DB2-4250-A580-8CD8F25B6F74}.Debug|Mixed Platforms.ActiveCfg = Debug|Any CPU
		{2DD93777-0DB2-4250-A580-8CD8F25B6F74}.Debug|Mixed Platforms.Build.0 = Debug|Any CPU
		{2DD93777-0DB2-4250-A580-8CD8F25B6F74}.Debug|x86.ActiveCfg = Debug|Any CPU
		{2DD93777-0DB2-4250-A580-8CD8F25B6F74}.Release|Any CPU.ActiveCfg = Release|Any CPU
		{2DD93777-0DB2-4250-A580-8CD8F25B6F74}.Release|Any CPU.Build.0 = Release|Any CPU
		{2DD93777-0DB2-4250-A580-8CD8F25B6F74}.Release|Mixed Platforms.ActiveCfg = Release|Any CPU
		{2DD93777-0DB2-4250-A580-8CD8F25B6F74}.Release|Mixed Platforms.Build.0 = Release|Any CPU
		{2DD93777-0DB2-4250-A580-8CD8F25B6F74}.Release|x86.ActiveCfg = Release|Any CPU
		{826BDEF2-E8C3-4DF4-8D2E-6B0CB2CBE850}.Debug|Any CPU.ActiveCfg = Debug|Any CPU
		{826BDEF2-E8C3-4DF4-8D2E-6B0CB2CBE850}.Debug|Any CPU.Build.0 = Debug|Any CPU
		{826BDEF2-E8C3-4DF4-8D2E-6B0CB2CBE850}.Debug|Mixed Platforms.ActiveCfg = Debug|Any CPU
		{826BDEF2-E8C3-4DF4-8D2E-6B0CB2CBE850}.Debug|Mixed Platforms.Build.0 = Debug|Any CPU
		{826BDEF2-E8C3-4DF4-8D2E-6B0CB2CBE850}.Debug|x86.ActiveCfg = Debug|Any CPU
		{826BDEF2-E8C3-4DF4-8D2E-6B0CB2CBE850}.Release|Any CPU.ActiveCfg = Release|Any CPU
		{826BDEF2-E8C3-4DF4-8D2E-6B0CB2CBE850}.Release|Any CPU.Build.0 = Release|Any CPU
		{826BDEF2-E8C3-4DF4-8D2E-6B0CB2CBE850}.Release|Mixed Platforms.ActiveCfg = Release|Any CPU
		{826BDEF2-E8C3-4DF4-8D2E-6B0CB2CBE850}.Release|Mixed Platforms.Build.0 = Release|Any CPU
		{826BDEF2-E8C3-4DF4-8D2E-6B0CB2CBE850}.Release|x86.ActiveCfg = Release|Any CPU
		{672A78C8-43E5-4CF6-BFDA-026899852A48}.Debug|Any CPU.ActiveCfg = Debug|Any CPU
		{672A78C8-43E5-4CF6-BFDA-026899852A48}.Debug|Any CPU.Build.0 = Debug|Any CPU
		{672A78C8-43E5-4CF6-BFDA-026899852A48}.Debug|Mixed Platforms.ActiveCfg = Debug|Any CPU
		{672A78C8-43E5-4CF6-BFDA-026899852A48}.Debug|Mixed Platforms.Build.0 = Debug|Any CPU
		{672A78C8-43E5-4CF6-BFDA-026899852A48}.Debug|x86.ActiveCfg = Debug|Any CPU
		{672A78C8-43E5-4CF6-BFDA-026899852A48}.Release|Any CPU.ActiveCfg = Release|Any CPU
		{672A78C8-43E5-4CF6-BFDA-026899852A48}.Release|Any CPU.Build.0 = Release|Any CPU
		{672A78C8-43E5-4CF6-BFDA-026899852A48}.Release|Mixed Platforms.ActiveCfg = Release|Any CPU
		{672A78C8-43E5-4CF6-BFDA-026899852A48}.Release|Mixed Platforms.Build.0 = Release|Any CPU
		{672A78C8-43E5-4CF6-BFDA-026899852A48}.Release|x86.ActiveCfg = Release|Any CPU
		{E3C8437D-BE48-47CB-8C66-E6F120A12CD4}.Debug|Any CPU.ActiveCfg = Debug|x86
		{E3C8437D-BE48-47CB-8C66-E6F120A12CD4}.Debug|Mixed Platforms.ActiveCfg = Debug|x86
		{E3C8437D-BE48-47CB-8C66-E6F120A12CD4}.Debug|Mixed Platforms.Build.0 = Debug|x86
		{E3C8437D-BE48-47CB-8C66-E6F120A12CD4}.Debug|x86.ActiveCfg = Debug|x86
		{E3C8437D-BE48-47CB-8C66-E6F120A12CD4}.Debug|x86.Build.0 = Debug|x86
		{E3C8437D-BE48-47CB-8C66-E6F120A12CD4}.Release|Any CPU.ActiveCfg = Release|x86
		{E3C8437D-BE48-47CB-8C66-E6F120A12CD4}.Release|Mixed Platforms.ActiveCfg = Release|x86
		{E3C8437D-BE48-47CB-8C66-E6F120A12CD4}.Release|Mixed Platforms.Build.0 = Release|x86
		{E3C8437D-BE48-47CB-8C66-E6F120A12CD4}.Release|x86.ActiveCfg = Release|x86
		{E3C8437D-BE48-47CB-8C66-E6F120A12CD4}.Release|x86.Build.0 = Release|x86
		{0C008E91-1FB1-4EFA-ADF6-D8CA59AB8902}.Debug|Any CPU.ActiveCfg = Debug|Any CPU
		{0C008E91-1FB1-4EFA-ADF6-D8CA59AB8902}.Debug|Any CPU.Build.0 = Debug|Any CPU
		{0C008E91-1FB1-4EFA-ADF6-D8CA59AB8902}.Debug|Mixed Platforms.ActiveCfg = Debug|Any CPU
		{0C008E91-1FB1-4EFA-ADF6-D8CA59AB8902}.Debug|Mixed Platforms.Build.0 = Debug|Any CPU
		{0C008E91-1FB1-4EFA-ADF6-D8CA59AB8902}.Debug|x86.ActiveCfg = Debug|Any CPU
		{0C008E91-1FB1-4EFA-ADF6-D8CA59AB8902}.Release|Any CPU.ActiveCfg = Release|Any CPU
		{0C008E91-1FB1-4EFA-ADF6-D8CA59AB8902}.Release|Any CPU.Build.0 = Release|Any CPU
		{0C008E91-1FB1-4EFA-ADF6-D8CA59AB8902}.Release|Mixed Platforms.ActiveCfg = Release|Any CPU
		{0C008E91-1FB1-4EFA-ADF6-D8CA59AB8902}.Release|Mixed Platforms.Build.0 = Release|Any CPU
		{0C008E91-1FB1-4EFA-ADF6-D8CA59AB8902}.Release|x86.ActiveCfg = Release|Any CPU
		{42E345D3-F46D-4257-A8F4-D036D45D1B58}.Debug|Any CPU.ActiveCfg = Debug|Any CPU
		{42E345D3-F46D-4257-A8F4-D036D45D1B58}.Debug|Any CPU.Build.0 = Debug|Any CPU
		{42E345D3-F46D-4257-A8F4-D036D45D1B58}.Debug|Mixed Platforms.ActiveCfg = Debug|Any CPU
		{42E345D3-F46D-4257-A8F4-D036D45D1B58}.Debug|Mixed Platforms.Build.0 = Debug|Any CPU
		{42E345D3-F46D-4257-A8F4-D036D45D1B58}.Debug|x86.ActiveCfg = Debug|Any CPU
		{42E345D3-F46D-4257-A8F4-D036D45D1B58}.Release|Any CPU.ActiveCfg = Release|Any CPU
		{42E345D3-F46D-4257-A8F4-D036D45D1B58}.Release|Any CPU.Build.0 = Release|Any CPU
		{42E345D3-F46D-4257-A8F4-D036D45D1B58}.Release|Mixed Platforms.ActiveCfg = Release|Any CPU
		{42E345D3-F46D-4257-A8F4-D036D45D1B58}.Release|Mixed Platforms.Build.0 = Release|Any CPU
		{42E345D3-F46D-4257-A8F4-D036D45D1B58}.Release|x86.ActiveCfg = Release|Any CPU
		{1E090E7E-8CCC-4496-991F-A1294103DED8}.Debug|Any CPU.ActiveCfg = Debug|Any CPU
		{1E090E7E-8CCC-4496-991F-A1294103DED8}.Debug|Any CPU.Build.0 = Debug|Any CPU
		{1E090E7E-8CCC-4496-991F-A1294103DED8}.Debug|Mixed Platforms.ActiveCfg = Debug|Any CPU
		{1E090E7E-8CCC-4496-991F-A1294103DED8}.Debug|Mixed Platforms.Build.0 = Debug|Any CPU
		{1E090E7E-8CCC-4496-991F-A1294103DED8}.Debug|x86.ActiveCfg = Debug|Any CPU
		{1E090E7E-8CCC-4496-991F-A1294103DED8}.Release|Any CPU.ActiveCfg = Release|Any CPU
		{1E090E7E-8CCC-4496-991F-A1294103DED8}.Release|Any CPU.Build.0 = Release|Any CPU
		{1E090E7E-8CCC-4496-991F-A1294103DED8}.Release|Mixed Platforms.ActiveCfg = Release|Any CPU
		{1E090E7E-8CCC-4496-991F-A1294103DED8}.Release|Mixed Platforms.Build.0 = Release|Any CPU
		{1E090E7E-8CCC-4496-991F-A1294103DED8}.Release|x86.ActiveCfg = Release|Any CPU
		{A6EE025B-0C06-46C5-A031-F1FF1D91A766}.Debug|Any CPU.ActiveCfg = Debug|Any CPU
		{A6EE025B-0C06-46C5-A031-F1FF1D91A766}.Debug|Any CPU.Build.0 = Debug|Any CPU
		{A6EE025B-0C06-46C5-A031-F1FF1D91A766}.Debug|Mixed Platforms.ActiveCfg = Debug|Any CPU
		{A6EE025B-0C06-46C5-A031-F1FF1D91A766}.Debug|Mixed Platforms.Build.0 = Debug|Any CPU
		{A6EE025B-0C06-46C5-A031-F1FF1D91A766}.Debug|x86.ActiveCfg = Debug|Any CPU
		{A6EE025B-0C06-46C5-A031-F1FF1D91A766}.Release|Any CPU.ActiveCfg = Release|Any CPU
		{A6EE025B-0C06-46C5-A031-F1FF1D91A766}.Release|Any CPU.Build.0 = Release|Any CPU
		{A6EE025B-0C06-46C5-A031-F1FF1D91A766}.Release|Mixed Platforms.ActiveCfg = Release|Any CPU
		{A6EE025B-0C06-46C5-A031-F1FF1D91A766}.Release|Mixed Platforms.Build.0 = Release|Any CPU
		{A6EE025B-0C06-46C5-A031-F1FF1D91A766}.Release|x86.ActiveCfg = Release|Any CPU
		{B5FD7ADD-03DD-40B0-8AF0-A1543F42A57A}.Debug|Any CPU.ActiveCfg = Debug|Any CPU
		{B5FD7ADD-03DD-40B0-8AF0-A1543F42A57A}.Debug|Any CPU.Build.0 = Debug|Any CPU
		{B5FD7ADD-03DD-40B0-8AF0-A1543F42A57A}.Debug|Mixed Platforms.ActiveCfg = Debug|Any CPU
		{B5FD7ADD-03DD-40B0-8AF0-A1543F42A57A}.Debug|Mixed Platforms.Build.0 = Debug|Any CPU
		{B5FD7ADD-03DD-40B0-8AF0-A1543F42A57A}.Debug|x86.ActiveCfg = Debug|Any CPU
		{B5FD7ADD-03DD-40B0-8AF0-A1543F42A57A}.Release|Any CPU.ActiveCfg = Release|Any CPU
		{B5FD7ADD-03DD-40B0-8AF0-A1543F42A57A}.Release|Any CPU.Build.0 = Release|Any CPU
		{B5FD7ADD-03DD-40B0-8AF0-A1543F42A57A}.Release|Mixed Platforms.ActiveCfg = Release|Any CPU
		{B5FD7ADD-03DD-40B0-8AF0-A1543F42A57A}.Release|Mixed Platforms.Build.0 = Release|Any CPU
		{B5FD7ADD-03DD-40B0-8AF0-A1543F42A57A}.Release|x86.ActiveCfg = Release|Any CPU
		{ED33DECF-93AB-4B2A-ACD9-0C3A1C89D267}.Debug|Any CPU.ActiveCfg = Debug|Any CPU
		{ED33DECF-93AB-4B2A-ACD9-0C3A1C89D267}.Debug|Any CPU.Build.0 = Debug|Any CPU
		{ED33DECF-93AB-4B2A-ACD9-0C3A1C89D267}.Debug|Mixed Platforms.ActiveCfg = Debug|Any CPU
		{ED33DECF-93AB-4B2A-ACD9-0C3A1C89D267}.Debug|Mixed Platforms.Build.0 = Debug|Any CPU
		{ED33DECF-93AB-4B2A-ACD9-0C3A1C89D267}.Debug|x86.ActiveCfg = Debug|Any CPU
		{ED33DECF-93AB-4B2A-ACD9-0C3A1C89D267}.Release|Any CPU.ActiveCfg = Release|Any CPU
		{ED33DECF-93AB-4B2A-ACD9-0C3A1C89D267}.Release|Any CPU.Build.0 = Release|Any CPU
		{ED33DECF-93AB-4B2A-ACD9-0C3A1C89D267}.Release|Mixed Platforms.ActiveCfg = Release|Any CPU
		{ED33DECF-93AB-4B2A-ACD9-0C3A1C89D267}.Release|Mixed Platforms.Build.0 = Release|Any CPU
		{ED33DECF-93AB-4B2A-ACD9-0C3A1C89D267}.Release|x86.ActiveCfg = Release|Any CPU
		{0DCADD4E-508F-4440-9B0F-65D4D071B3FD}.Debug|Any CPU.ActiveCfg = Debug|Any CPU
		{0DCADD4E-508F-4440-9B0F-65D4D071B3FD}.Debug|Any CPU.Build.0 = Debug|Any CPU
		{0DCADD4E-508F-4440-9B0F-65D4D071B3FD}.Debug|Mixed Platforms.ActiveCfg = Debug|Any CPU
		{0DCADD4E-508F-4440-9B0F-65D4D071B3FD}.Debug|Mixed Platforms.Build.0 = Debug|Any CPU
		{0DCADD4E-508F-4440-9B0F-65D4D071B3FD}.Debug|x86.ActiveCfg = Debug|Any CPU
		{0DCADD4E-508F-4440-9B0F-65D4D071B3FD}.Release|Any CPU.ActiveCfg = Release|Any CPU
		{0DCADD4E-508F-4440-9B0F-65D4D071B3FD}.Release|Any CPU.Build.0 = Release|Any CPU
		{0DCADD4E-508F-4440-9B0F-65D4D071B3FD}.Release|Mixed Platforms.ActiveCfg = Release|Any CPU
		{0DCADD4E-508F-4440-9B0F-65D4D071B3FD}.Release|Mixed Platforms.Build.0 = Release|Any CPU
		{0DCADD4E-508F-4440-9B0F-65D4D071B3FD}.Release|x86.ActiveCfg = Release|Any CPU
		{DE4ECDDE-F1E6-4964-BAF6-4A7AECC457FA}.Debug|Any CPU.ActiveCfg = Debug|Any CPU
		{DE4ECDDE-F1E6-4964-BAF6-4A7AECC457FA}.Debug|Any CPU.Build.0 = Debug|Any CPU
		{DE4ECDDE-F1E6-4964-BAF6-4A7AECC457FA}.Debug|Mixed Platforms.ActiveCfg = Debug|Any CPU
		{DE4ECDDE-F1E6-4964-BAF6-4A7AECC457FA}.Debug|Mixed Platforms.Build.0 = Debug|Any CPU
		{DE4ECDDE-F1E6-4964-BAF6-4A7AECC457FA}.Debug|x86.ActiveCfg = Debug|Any CPU
		{DE4ECDDE-F1E6-4964-BAF6-4A7AECC457FA}.Release|Any CPU.ActiveCfg = Release|Any CPU
		{DE4ECDDE-F1E6-4964-BAF6-4A7AECC457FA}.Release|Any CPU.Build.0 = Release|Any CPU
		{DE4ECDDE-F1E6-4964-BAF6-4A7AECC457FA}.Release|Mixed Platforms.ActiveCfg = Release|Any CPU
		{DE4ECDDE-F1E6-4964-BAF6-4A7AECC457FA}.Release|Mixed Platforms.Build.0 = Release|Any CPU
		{DE4ECDDE-F1E6-4964-BAF6-4A7AECC457FA}.Release|x86.ActiveCfg = Release|Any CPU
		{14869539-138B-4536-B670-5A006BDD30D3}.Debug|Any CPU.ActiveCfg = Debug|Any CPU
		{14869539-138B-4536-B670-5A006BDD30D3}.Debug|Any CPU.Build.0 = Debug|Any CPU
		{14869539-138B-4536-B670-5A006BDD30D3}.Debug|Mixed Platforms.ActiveCfg = Debug|Any CPU
		{14869539-138B-4536-B670-5A006BDD30D3}.Debug|Mixed Platforms.Build.0 = Debug|Any CPU
		{14869539-138B-4536-B670-5A006BDD30D3}.Debug|x86.ActiveCfg = Debug|Any CPU
		{14869539-138B-4536-B670-5A006BDD30D3}.Release|Any CPU.ActiveCfg = Release|Any CPU
		{14869539-138B-4536-B670-5A006BDD30D3}.Release|Any CPU.Build.0 = Release|Any CPU
		{14869539-138B-4536-B670-5A006BDD30D3}.Release|Mixed Platforms.ActiveCfg = Release|Any CPU
		{14869539-138B-4536-B670-5A006BDD30D3}.Release|Mixed Platforms.Build.0 = Release|Any CPU
		{14869539-138B-4536-B670-5A006BDD30D3}.Release|x86.ActiveCfg = Release|Any CPU
		{38872A5F-E87E-4FAD-B109-8EB7B2E6A4A0}.Debug|Any CPU.ActiveCfg = Debug|Any CPU
		{38872A5F-E87E-4FAD-B109-8EB7B2E6A4A0}.Debug|Any CPU.Build.0 = Debug|Any CPU
		{38872A5F-E87E-4FAD-B109-8EB7B2E6A4A0}.Debug|Mixed Platforms.ActiveCfg = Debug|Any CPU
		{38872A5F-E87E-4FAD-B109-8EB7B2E6A4A0}.Debug|Mixed Platforms.Build.0 = Debug|Any CPU
		{38872A5F-E87E-4FAD-B109-8EB7B2E6A4A0}.Debug|x86.ActiveCfg = Debug|Any CPU
		{38872A5F-E87E-4FAD-B109-8EB7B2E6A4A0}.Release|Any CPU.ActiveCfg = Release|Any CPU
		{38872A5F-E87E-4FAD-B109-8EB7B2E6A4A0}.Release|Any CPU.Build.0 = Release|Any CPU
		{38872A5F-E87E-4FAD-B109-8EB7B2E6A4A0}.Release|Mixed Platforms.ActiveCfg = Release|Any CPU
		{38872A5F-E87E-4FAD-B109-8EB7B2E6A4A0}.Release|Mixed Platforms.Build.0 = Release|Any CPU
		{38872A5F-E87E-4FAD-B109-8EB7B2E6A4A0}.Release|x86.ActiveCfg = Release|Any CPU
	EndGlobalSection
	GlobalSection(SolutionProperties) = preSolution
		HideSolutionNode = FALSE
	EndGlobalSection
EndGlobal
