
Microsoft Visual Studio Solution File, Format Version 11.00
# Visual Studio 2010
Project("{2150E333-8FDC-42A3-9474-1A3956D46DE8}") = "Solution Items", "Solution Items", "{F5B9C9E3-5BD6-4B62-8A43-CEC96AAE2A34}"
	ProjectSection(SolutionItems) = preProject
		debug.snk = debug.snk
		ehi.vsmdi = ehi.vsmdi
		LocalTestRun.testsettings = LocalTestRun.testsettings
	EndProjectSection
EndProject
Project("{FAE04EC0-301F-11D3-BF4B-00C04F79EFBC}") = "library", "library\library.csproj", "{F7E87297-87B7-4420-862C-327B59351EE4}"
EndProject
Project("{FAE04EC0-301F-11D3-BF4B-00C04F79EFBC}") = "sts-test", "sts-test\sts-test.csproj", "{B2A261A1-17A9-435B-898D-C4EE7A99C8F1}"
EndProject
Global
	GlobalSection(TeamFoundationVersionControl) = preSolution
		SccNumberOfProjects = 3
		SccEnterpriseProvider = {4CA58AB2-18FA-4F8D-95D4-32DDF27D184C}
		SccTeamFoundationServer = https://tfs.codeplex.com/tfs/tfs14
		SccLocalPath0 = .
		SccProjectUniqueName1 = library\\library.csproj
		SccProjectName1 = library
		SccLocalPath1 = library
		SccProjectUniqueName2 = sts-test\\sts-test.csproj
		SccProjectName2 = sts-test
		SccLocalPath2 = sts-test
	EndGlobalSection
	GlobalSection(TestCaseManagementSettings) = postSolution
		CategoryFile = ehi.vsmdi
	EndGlobalSection
	GlobalSection(SolutionConfigurationPlatforms) = preSolution
		Debug|Any CPU = Debug|Any CPU
		Release|Any CPU = Release|Any CPU
	EndGlobalSection
	GlobalSection(ProjectConfigurationPlatforms) = postSolution
		{F7E87297-87B7-4420-862C-327B59351EE4}.Debug|Any CPU.ActiveCfg = Debug|Any CPU
		{F7E87297-87B7-4420-862C-327B59351EE4}.Debug|Any CPU.Build.0 = Debug|Any CPU
		{F7E87297-87B7-4420-862C-327B59351EE4}.Release|Any CPU.ActiveCfg = Release|Any CPU
		{F7E87297-87B7-4420-862C-327B59351EE4}.Release|Any CPU.Build.0 = Release|Any CPU
		{B2A261A1-17A9-435B-898D-C4EE7A99C8F1}.Debug|Any CPU.ActiveCfg = Debug|Any CPU
		{B2A261A1-17A9-435B-898D-C4EE7A99C8F1}.Debug|Any CPU.Build.0 = Debug|Any CPU
		{B2A261A1-17A9-435B-898D-C4EE7A99C8F1}.Release|Any CPU.ActiveCfg = Release|Any CPU
		{B2A261A1-17A9-435B-898D-C4EE7A99C8F1}.Release|Any CPU.Build.0 = Release|Any CPU
	EndGlobalSection
	GlobalSection(SolutionProperties) = preSolution
		HideSolutionNode = FALSE
	EndGlobalSection
EndGlobal
